
Microsoft Visual Studio Solution File, Format Version 12.00
# Visual Studio 15
VisualStudioVersion = 15.0.27703.2042
MinimumVisualStudioVersion = 10.0.40219.1
Project("{FAE04EC0-301F-11D3-BF4B-00C04F79EFBC}") = "Logstash4Nlog", "Logstash4Nlog\Logstash4Nlog.csproj", "{A1400B5A-3284-4627-B7D3-200FD778D16E}"
EndProject
Global
	GlobalSection(SolutionConfigurationPlatforms) = preSolution
		Debug|Any CPU = Debug|Any CPU
		Release|Any CPU = Release|Any CPU
	EndGlobalSection
	GlobalSection(ProjectConfigurationPlatforms) = postSolution
		{A1400B5A-3284-4627-B7D3-200FD778D16E}.Debug|Any CPU.ActiveCfg = Debug|Any CPU
		{A1400B5A-3284-4627-B7D3-200FD778D16E}.Debug|Any CPU.Build.0 = Debug|Any CPU
		{A1400B5A-3284-4627-B7D3-200FD778D16E}.Release|Any CPU.ActiveCfg = Release|Any CPU
		{A1400B5A-3284-4627-B7D3-200FD778D16E}.Release|Any CPU.Build.0 = Release|Any CPU
	EndGlobalSection
	GlobalSection(SolutionProperties) = preSolution
		HideSolutionNode = FALSE
	EndGlobalSection
	GlobalSection(ExtensibilityGlobals) = postSolution
		SolutionGuid = {3A2B03F5-2738-4D96-8A20-11BDA52DD745}
	EndGlobalSection
EndGlobal
